
Microsoft Visual Studio Solution File, Format Version 12.00
# Visual Studio Version 17
VisualStudioVersion = 17.1.32407.343
MinimumVisualStudioVersion = 10.0.40219.1
Project("{9A19103F-16F7-4668-BE54-9A1E7A4F7556}") = "MagicShop.API", "MagicShopApi.App\MagicShop.API.csproj", "{E9E7B32B-5222-495B-9BA6-2C1A878D87B1}"
EndProject
Project("{9A19103F-16F7-4668-BE54-9A1E7A4F7556}") = "MagicShop.Common", "MagicShopApi.Domain\MagicShop.Common.csproj", "{BE0FF46E-3540-45D4-B348-72074D28188C}"
EndProject
Project("{9A19103F-16F7-4668-BE54-9A1E7A4F7556}") = "MagicShop.CardAPI", "MagicShop.Card\MagicShop.CardAPI.csproj", "{D8B611B6-8861-4FDD-BD54-32C9F31F9892}"
EndProject
Project("{9A19103F-16F7-4668-BE54-9A1E7A4F7556}") = "MagicShop.SaleAPI", "MagicShop.Sale\MagicShop.SaleAPI.csproj", "{0E6BE45C-5BC1-4EDF-8499-68C53FCE30EC}"
EndProject
Project("{9A19103F-16F7-4668-BE54-9A1E7A4F7556}") = "MagicShop.UserAPI", "MagicShop.User\MagicShop.UserAPI.csproj", "{C7F46CCD-B278-439D-92FF-AA7EAA95F23D}"
EndProject
Project("{9A19103F-16F7-4668-BE54-9A1E7A4F7556}") = "MagicShop.OfferAPI", "MagicShop.Offer\MagicShop.OfferAPI.csproj", "{DDB4C0D4-B522-478D-9016-DED460555114}"
EndProject
Project("{9A19103F-16F7-4668-BE54-9A1E7A4F7556}") = "MagicShop.InventoryItemAPI", "MagicShop.InventoryItem\MagicShop.InventoryItemAPI.csproj", "{2ACFB0DF-DFC1-482D-94DC-74751D17DB77}"
EndProject
Project("{2150E333-8FDC-42A3-9474-1A3956D46DE8}") = "src", "src", "{F9DABF15-149D-4962-A31C-4616B57D55EC}"
EndProject
Project("{2150E333-8FDC-42A3-9474-1A3956D46DE8}") = "test", "test", "{F9CF02BF-FCCC-41B3-A320-CB75C3A5B4CD}"
EndProject
Project("{9A19103F-16F7-4668-BE54-9A1E7A4F7556}") = "MagicShop.OrderAPI", "MagicShop.OrderAPI\MagicShop.OrderAPI.csproj", "{48C27547-9EF2-44A2-9071-F43F1BDB1723}"
EndProject
Project("{9A19103F-16F7-4668-BE54-9A1E7A4F7556}") = "OrderMatchSaleWorker", "OrderMatchSaleWorker\OrderMatchSaleWorker.csproj", "{7409AB10-069E-4613-B5BE-767D1B80098B}"
EndProject
Project("{E53339B2-1760-4266-BCC7-CA923CBCF16C}") = "docker-compose", "docker-compose.dcproj", "{DF081650-494A-4352-89D2-5C6004672172}"
EndProject
Project("{FAE04EC0-301F-11D3-BF4B-00C04F79EFBC}") = "OrderTest", "..\OrderTest\OrderTest.csproj", "{71C60D02-BB42-404E-8012-340DEF860B3B}"
EndProject
Global
	GlobalSection(SolutionConfigurationPlatforms) = preSolution
		Debug|Any CPU = Debug|Any CPU
		Release|Any CPU = Release|Any CPU
	EndGlobalSection
	GlobalSection(ProjectConfigurationPlatforms) = postSolution
		{E9E7B32B-5222-495B-9BA6-2C1A878D87B1}.Debug|Any CPU.ActiveCfg = Debug|Any CPU
		{E9E7B32B-5222-495B-9BA6-2C1A878D87B1}.Debug|Any CPU.Build.0 = Debug|Any CPU
		{E9E7B32B-5222-495B-9BA6-2C1A878D87B1}.Release|Any CPU.ActiveCfg = Release|Any CPU
		{E9E7B32B-5222-495B-9BA6-2C1A878D87B1}.Release|Any CPU.Build.0 = Release|Any CPU
		{BE0FF46E-3540-45D4-B348-72074D28188C}.Debug|Any CPU.ActiveCfg = Debug|Any CPU
		{BE0FF46E-3540-45D4-B348-72074D28188C}.Debug|Any CPU.Build.0 = Debug|Any CPU
		{BE0FF46E-3540-45D4-B348-72074D28188C}.Release|Any CPU.ActiveCfg = Release|Any CPU
		{BE0FF46E-3540-45D4-B348-72074D28188C}.Release|Any CPU.Build.0 = Release|Any CPU
		{D8B611B6-8861-4FDD-BD54-32C9F31F9892}.Debug|Any CPU.ActiveCfg = Debug|Any CPU
		{D8B611B6-8861-4FDD-BD54-32C9F31F9892}.Debug|Any CPU.Build.0 = Debug|Any CPU
		{D8B611B6-8861-4FDD-BD54-32C9F31F9892}.Release|Any CPU.ActiveCfg = Release|Any CPU
		{D8B611B6-8861-4FDD-BD54-32C9F31F9892}.Release|Any CPU.Build.0 = Release|Any CPU
		{0E6BE45C-5BC1-4EDF-8499-68C53FCE30EC}.Debug|Any CPU.ActiveCfg = Debug|Any CPU
		{0E6BE45C-5BC1-4EDF-8499-68C53FCE30EC}.Debug|Any CPU.Build.0 = Debug|Any CPU
		{0E6BE45C-5BC1-4EDF-8499-68C53FCE30EC}.Release|Any CPU.ActiveCfg = Release|Any CPU
		{0E6BE45C-5BC1-4EDF-8499-68C53FCE30EC}.Release|Any CPU.Build.0 = Release|Any CPU
		{C7F46CCD-B278-439D-92FF-AA7EAA95F23D}.Debug|Any CPU.ActiveCfg = Debug|Any CPU
		{C7F46CCD-B278-439D-92FF-AA7EAA95F23D}.Debug|Any CPU.Build.0 = Debug|Any CPU
		{C7F46CCD-B278-439D-92FF-AA7EAA95F23D}.Release|Any CPU.ActiveCfg = Release|Any CPU
		{C7F46CCD-B278-439D-92FF-AA7EAA95F23D}.Release|Any CPU.Build.0 = Release|Any CPU
		{DDB4C0D4-B522-478D-9016-DED460555114}.Debug|Any CPU.ActiveCfg = Debug|Any CPU
		{DDB4C0D4-B522-478D-9016-DED460555114}.Debug|Any CPU.Build.0 = Debug|Any CPU
		{DDB4C0D4-B522-478D-9016-DED460555114}.Release|Any CPU.ActiveCfg = Release|Any CPU
		{DDB4C0D4-B522-478D-9016-DED460555114}.Release|Any CPU.Build.0 = Release|Any CPU
		{2ACFB0DF-DFC1-482D-94DC-74751D17DB77}.Debug|Any CPU.ActiveCfg = Debug|Any CPU
		{2ACFB0DF-DFC1-482D-94DC-74751D17DB77}.Debug|Any CPU.Build.0 = Debug|Any CPU
		{2ACFB0DF-DFC1-482D-94DC-74751D17DB77}.Release|Any CPU.ActiveCfg = Release|Any CPU
		{2ACFB0DF-DFC1-482D-94DC-74751D17DB77}.Release|Any CPU.Build.0 = Release|Any CPU
		{48C27547-9EF2-44A2-9071-F43F1BDB1723}.Debug|Any CPU.ActiveCfg = Debug|Any CPU
		{48C27547-9EF2-44A2-9071-F43F1BDB1723}.Debug|Any CPU.Build.0 = Debug|Any CPU
		{48C27547-9EF2-44A2-9071-F43F1BDB1723}.Release|Any CPU.ActiveCfg = Release|Any CPU
		{48C27547-9EF2-44A2-9071-F43F1BDB1723}.Release|Any CPU.Build.0 = Release|Any CPU
		{7409AB10-069E-4613-B5BE-767D1B80098B}.Debug|Any CPU.ActiveCfg = Debug|Any CPU
		{7409AB10-069E-4613-B5BE-767D1B80098B}.Debug|Any CPU.Build.0 = Debug|Any CPU
		{7409AB10-069E-4613-B5BE-767D1B80098B}.Release|Any CPU.ActiveCfg = Release|Any CPU
		{7409AB10-069E-4613-B5BE-767D1B80098B}.Release|Any CPU.Build.0 = Release|Any CPU
		{DF081650-494A-4352-89D2-5C6004672172}.Debug|Any CPU.ActiveCfg = Debug|Any CPU
		{DF081650-494A-4352-89D2-5C6004672172}.Debug|Any CPU.Build.0 = Debug|Any CPU
		{DF081650-494A-4352-89D2-5C6004672172}.Release|Any CPU.ActiveCfg = Release|Any CPU
		{DF081650-494A-4352-89D2-5C6004672172}.Release|Any CPU.Build.0 = Release|Any CPU
		{71C60D02-BB42-404E-8012-340DEF860B3B}.Debug|Any CPU.ActiveCfg = Debug|Any CPU
		{71C60D02-BB42-404E-8012-340DEF860B3B}.Debug|Any CPU.Build.0 = Debug|Any CPU
		{71C60D02-BB42-404E-8012-340DEF860B3B}.Release|Any CPU.ActiveCfg = Release|Any CPU
		{71C60D02-BB42-404E-8012-340DEF860B3B}.Release|Any CPU.Build.0 = Release|Any CPU
	EndGlobalSection
	GlobalSection(SolutionProperties) = preSolution
		HideSolutionNode = FALSE
	EndGlobalSection
	GlobalSection(NestedProjects) = preSolution
		{E9E7B32B-5222-495B-9BA6-2C1A878D87B1} = {F9DABF15-149D-4962-A31C-4616B57D55EC}
		{BE0FF46E-3540-45D4-B348-72074D28188C} = {F9DABF15-149D-4962-A31C-4616B57D55EC}
		{D8B611B6-8861-4FDD-BD54-32C9F31F9892} = {F9DABF15-149D-4962-A31C-4616B57D55EC}
		{0E6BE45C-5BC1-4EDF-8499-68C53FCE30EC} = {F9DABF15-149D-4962-A31C-4616B57D55EC}
		{C7F46CCD-B278-439D-92FF-AA7EAA95F23D} = {F9DABF15-149D-4962-A31C-4616B57D55EC}
		{DDB4C0D4-B522-478D-9016-DED460555114} = {F9DABF15-149D-4962-A31C-4616B57D55EC}
		{2ACFB0DF-DFC1-482D-94DC-74751D17DB77} = {F9DABF15-149D-4962-A31C-4616B57D55EC}
		{48C27547-9EF2-44A2-9071-F43F1BDB1723} = {F9DABF15-149D-4962-A31C-4616B57D55EC}
		{7409AB10-069E-4613-B5BE-767D1B80098B} = {F9DABF15-149D-4962-A31C-4616B57D55EC}
		{71C60D02-BB42-404E-8012-340DEF860B3B} = {F9CF02BF-FCCC-41B3-A320-CB75C3A5B4CD}
	EndGlobalSection
	GlobalSection(ExtensibilityGlobals) = postSolution
		SolutionGuid = {F6B89942-CB70-4F21-BCB8-FCC553A6D508}
	EndGlobalSection
EndGlobal
